// !$*UTF8*$!
{
	archiveVersion = 1;
	classes = {
	};
	objectVersion = 55;
	objects = {

/* Begin PBXBuildFile section */
		20CC2D092710BC8800DFEC61 /* AppDelegate.swift in Sources */ = {isa = PBXBuildFile; fileRef = 20CC2D082710BC8800DFEC61 /* AppDelegate.swift */; };
		20CC2D0B2710BC8800DFEC61 /* SceneDelegate.swift in Sources */ = {isa = PBXBuildFile; fileRef = 20CC2D0A2710BC8800DFEC61 /* SceneDelegate.swift */; };
		20CC2D0D2710BC8800DFEC61 /* ViewController.swift in Sources */ = {isa = PBXBuildFile; fileRef = 20CC2D0C2710BC8800DFEC61 /* ViewController.swift */; };
		20CC2D102710BC8800DFEC61 /* Main.storyboard in Resources */ = {isa = PBXBuildFile; fileRef = 20CC2D0E2710BC8800DFEC61 /* Main.storyboard */; };
		20CC2D122710BC8D00DFEC61 /* Assets.xcassets in Resources */ = {isa = PBXBuildFile; fileRef = 20CC2D112710BC8D00DFEC61 /* Assets.xcassets */; };
		20CC2D152710BC8D00DFEC61 /* LaunchScreen.storyboard in Resources */ = {isa = PBXBuildFile; fileRef = 20CC2D132710BC8D00DFEC61 /* LaunchScreen.storyboard */; };
		20CC2D222710CC7600DFEC61 /* PhotoOfTheDay.swift in Sources */ = {isa = PBXBuildFile; fileRef = 20CC2D212710CC7600DFEC61 /* PhotoOfTheDay.swift */; };
		20CC2D242710CDCB00DFEC61 /* PhotoOfTheDayController.swift in Sources */ = {isa = PBXBuildFile; fileRef = 20CC2D232710CDCB00DFEC61 /* PhotoOfTheDayController.swift */; };
/* End PBXBuildFile section */

/* Begin PBXFileReference section */
		20CC2D052710BC8800DFEC61 /* Nasa Photo of The Day.app */ = {isa = PBXFileReference; explicitFileType = wrapper.application; includeInIndex = 0; path = "Nasa Photo of The Day.app"; sourceTree = BUILT_PRODUCTS_DIR; };
		20CC2D082710BC8800DFEC61 /* AppDelegate.swift */ = {isa = PBXFileReference; lastKnownFileType = sourcecode.swift; path = AppDelegate.swift; sourceTree = "<group>"; };
		20CC2D0A2710BC8800DFEC61 /* SceneDelegate.swift */ = {isa = PBXFileReference; lastKnownFileType = sourcecode.swift; path = SceneDelegate.swift; sourceTree = "<group>"; };
		20CC2D0C2710BC8800DFEC61 /* ViewController.swift */ = {isa = PBXFileReference; lastKnownFileType = sourcecode.swift; path = ViewController.swift; sourceTree = "<group>"; };
		20CC2D0F2710BC8800DFEC61 /* Base */ = {isa = PBXFileReference; lastKnownFileType = file.storyboard; name = Base; path = Base.lproj/Main.storyboard; sourceTree = "<group>"; };
		20CC2D112710BC8D00DFEC61 /* Assets.xcassets */ = {isa = PBXFileReference; lastKnownFileType = folder.assetcatalog; path = Assets.xcassets; sourceTree = "<group>"; };
		20CC2D142710BC8D00DFEC61 /* Base */ = {isa = PBXFileReference; lastKnownFileType = file.storyboard; name = Base; path = Base.lproj/LaunchScreen.storyboard; sourceTree = "<group>"; };
		20CC2D162710BC8D00DFEC61 /* Info.plist */ = {isa = PBXFileReference; lastKnownFileType = text.plist.xml; path = Info.plist; sourceTree = "<group>"; };
		20CC2D212710CC7600DFEC61 /* PhotoOfTheDay.swift */ = {isa = PBXFileReference; lastKnownFileType = sourcecode.swift; path = PhotoOfTheDay.swift; sourceTree = "<group>"; };
		20CC2D232710CDCB00DFEC61 /* PhotoOfTheDayController.swift */ = {isa = PBXFileReference; lastKnownFileType = sourcecode.swift; path = PhotoOfTheDayController.swift; sourceTree = "<group>"; };
/* End PBXFileReference section */

/* Begin PBXFrameworksBuildPhase section */
		20CC2D022710BC8800DFEC61 /* Frameworks */ = {
			isa = PBXFrameworksBuildPhase;
			buildActionMask = 2147483647;
			files = (
			);
			runOnlyForDeploymentPostprocessing = 0;
		};
/* End PBXFrameworksBuildPhase section */

/* Begin PBXGroup section */
		20CC2CFC2710BC8800DFEC61 = {
			isa = PBXGroup;
			children = (
				20CC2D072710BC8800DFEC61 /* Nasa Photo of The Day */,
				20CC2D062710BC8800DFEC61 /* Products */,
			);
			sourceTree = "<group>";
		};
		20CC2D062710BC8800DFEC61 /* Products */ = {
			isa = PBXGroup;
			children = (
				20CC2D052710BC8800DFEC61 /* Nasa Photo of The Day.app */,
			);
			name = Products;
			sourceTree = "<group>";
		};
		20CC2D072710BC8800DFEC61 /* Nasa Photo of The Day */ = {
			isa = PBXGroup;
			children = (
				20CC2D202710CBF800DFEC61 /* Controller */,
				20CC2D1F2710CBEF00DFEC61 /* View */,
				20CC2D1E2710CBE500DFEC61 /* Model */,
				20CC2D082710BC8800DFEC61 /* AppDelegate.swift */,
				20CC2D0A2710BC8800DFEC61 /* SceneDelegate.swift */,
				20CC2D112710BC8D00DFEC61 /* Assets.xcassets */,
				20CC2D162710BC8D00DFEC61 /* Info.plist */,
			);
			path = "Nasa Photo of The Day";
			sourceTree = "<group>";
		};
		20CC2D1E2710CBE500DFEC61 /* Model */ = {
			isa = PBXGroup;
			children = (
				20CC2D212710CC7600DFEC61 /* PhotoOfTheDay.swift */,
			);
			path = Model;
			sourceTree = "<group>";
		};
		20CC2D1F2710CBEF00DFEC61 /* View */ = {
			isa = PBXGroup;
			children = (
				20CC2D0E2710BC8800DFEC61 /* Main.storyboard */,
				20CC2D132710BC8D00DFEC61 /* LaunchScreen.storyboard */,
			);
			path = View;
			sourceTree = "<group>";
		};
		20CC2D202710CBF800DFEC61 /* Controller */ = {
			isa = PBXGroup;
			children = (
				20CC2D0C2710BC8800DFEC61 /* ViewController.swift */,
				20CC2D232710CDCB00DFEC61 /* PhotoOfTheDayController.swift */,
			);
			path = Controller;
			sourceTree = "<group>";
		};
/* End PBXGroup section */

/* Begin PBXNativeTarget section */
		20CC2D042710BC8800DFEC61 /* Nasa Photo of The Day */ = {
			isa = PBXNativeTarget;
			buildConfigurationList = 20CC2D192710BC8D00DFEC61 /* Build configuration list for PBXNativeTarget "Nasa Photo of The Day" */;
			buildPhases = (
				20CC2D012710BC8800DFEC61 /* Sources */,
				20CC2D022710BC8800DFEC61 /* Frameworks */,
				20CC2D032710BC8800DFEC61 /* Resources */,
			);
			buildRules = (
			);
			dependencies = (
			);
			name = "Nasa Photo of The Day";
			productName = "Nasa Photo of The Day";
			productReference = 20CC2D052710BC8800DFEC61 /* Nasa Photo of The Day.app */;
			productType = "com.apple.product-type.application";
		};
/* End PBXNativeTarget section */

/* Begin PBXProject section */
		20CC2CFD2710BC8800DFEC61 /* Project object */ = {
			isa = PBXProject;
			attributes = {
				BuildIndependentTargetsInParallel = 1;
				LastSwiftUpdateCheck = 1300;
				LastUpgradeCheck = 1300;
				TargetAttributes = {
					20CC2D042710BC8800DFEC61 = {
						CreatedOnToolsVersion = 13.0;
					};
				};
			};
			buildConfigurationList = 20CC2D002710BC8800DFEC61 /* Build configuration list for PBXProject "Nasa Photo of The Day" */;
			compatibilityVersion = "Xcode 13.0";
			developmentRegion = en;
			hasScannedForEncodings = 0;
			knownRegions = (
				en,
				Base,
			);
			mainGroup = 20CC2CFC2710BC8800DFEC61;
			productRefGroup = 20CC2D062710BC8800DFEC61 /* Products */;
			projectDirPath = "";
			projectRoot = "";
			targets = (
				20CC2D042710BC8800DFEC61 /* Nasa Photo of The Day */,
			);
		};
/* End PBXProject section */

/* Begin PBXResourcesBuildPhase section */
		20CC2D032710BC8800DFEC61 /* Resources */ = {
			isa = PBXResourcesBuildPhase;
			buildActionMask = 2147483647;
			files = (
				20CC2D152710BC8D00DFEC61 /* LaunchScreen.storyboard in Resources */,
				20CC2D122710BC8D00DFEC61 /* Assets.xcassets in Resources */,
				20CC2D102710BC8800DFEC61 /* Main.storyboard in Resources */,
			);
			runOnlyForDeploymentPostprocessing = 0;
		};
/* End PBXResourcesBuildPhase section */

/* Begin PBXSourcesBuildPhase section */
		20CC2D012710BC8800DFEC61 /* Sources */ = {
			isa = PBXSourcesBuildPhase;
			buildActionMask = 2147483647;
			files = (
				20CC2D222710CC7600DFEC61 /* PhotoOfTheDay.swift in Sources */,
				20CC2D0D2710BC8800DFEC61 /* ViewController.swift in Sources */,
				20CC2D242710CDCB00DFEC61 /* PhotoOfTheDayController.swift in Sources */,
				20CC2D092710BC8800DFEC61 /* AppDelegate.swift in Sources */,
				20CC2D0B2710BC8800DFEC61 /* SceneDelegate.swift in Sources */,
			);
			runOnlyForDeploymentPostprocessing = 0;
		};
/* End PBXSourcesBuildPhase section */

/* Begin PBXVariantGroup section */
		20CC2D0E2710BC8800DFEC61 /* Main.storyboard */ = {
			isa = PBXVariantGroup;
			children = (
				20CC2D0F2710BC8800DFEC61 /* Base */,
			);
			name = Main.storyboard;
			sourceTree = "<group>";
		};
		20CC2D132710BC8D00DFEC61 /* LaunchScreen.storyboard */ = {
			isa = PBXVariantGroup;
			children = (
				20CC2D142710BC8D00DFEC61 /* Base */,
			);
			name = LaunchScreen.storyboard;
			sourceTree = "<group>";
		};
/* End PBXVariantGroup section */

/* Begin XCBuildConfiguration section */
		20CC2D172710BC8D00DFEC61 /* Debug */ = {
			isa = XCBuildConfiguration;
			buildSettings = {
				ALWAYS_SEARCH_USER_PATHS = NO;
				CLANG_ANALYZER_NONNULL = YES;
				CLANG_ANALYZER_NUMBER_OBJECT_CONVERSION = YES_AGGRESSIVE;
				CLANG_CXX_LANGUAGE_STANDARD = "gnu++17";
				CLANG_CXX_LIBRARY = "libc++";
				CLANG_ENABLE_MODULES = YES;
				CLANG_ENABLE_OBJC_ARC = YES;
				CLANG_ENABLE_OBJC_WEAK = YES;
				CLANG_WARN_BLOCK_CAPTURE_AUTORELEASING = YES;
				CLANG_WARN_BOOL_CONVERSION = YES;
				CLANG_WARN_COMMA = YES;
				CLANG_WARN_CONSTANT_CONVERSION = YES;
				CLANG_WARN_DEPRECATED_OBJC_IMPLEMENTATIONS = YES;
				CLANG_WARN_DIRECT_OBJC_ISA_USAGE = YES_ERROR;
				CLANG_WARN_DOCUMENTATION_COMMENTS = YES;
				CLANG_WARN_EMPTY_BODY = YES;
				CLANG_WARN_ENUM_CONVERSION = YES;
				CLANG_WARN_INFINITE_RECURSION = YES;
				CLANG_WARN_INT_CONVERSION = YES;
				CLANG_WARN_NON_LITERAL_NULL_CONVERSION = YES;
				CLANG_WARN_OBJC_IMPLICIT_RETAIN_SELF = YES;
				CLANG_WARN_OBJC_LITERAL_CONVERSION = YES;
				CLANG_WARN_OBJC_ROOT_CLASS = YES_ERROR;
				CLANG_WARN_QUOTED_INCLUDE_IN_FRAMEWORK_HEADER = YES;
				CLANG_WARN_RANGE_LOOP_ANALYSIS = YES;
				CLANG_WARN_STRICT_PROTOTYPES = YES;
				CLANG_WARN_SUSPICIOUS_MOVE = YES;
				CLANG_WARN_UNGUARDED_AVAILABILITY = YES_AGGRESSIVE;
				CLANG_WARN_UNREACHABLE_CODE = YES;
				CLANG_WARN__DUPLICATE_METHOD_MATCH = YES;
				COPY_PHASE_STRIP = NO;
				DEBUG_INFORMATION_FORMAT = dwarf;
				ENABLE_STRICT_OBJC_MSGSEND = YES;
				ENABLE_TESTABILITY = YES;
				GCC_C_LANGUAGE_STANDARD = gnu11;
				GCC_DYNAMIC_NO_PIC = NO;
				GCC_NO_COMMON_BLOCKS = YES;
				GCC_OPTIMIZATION_LEVEL = 0;
				GCC_PREPROCESSOR_DEFINITIONS = (
					"DEBUG=1",
					"$(inherited)",
				);
				GCC_WARN_64_TO_32_BIT_CONVERSION = YES;
				GCC_WARN_ABOUT_RETURN_TYPE = YES_ERROR;
				GCC_WARN_UNDECLARED_SELECTOR = YES;
				GCC_WARN_UNINITIALIZED_AUTOS = YES_AGGRESSIVE;
				GCC_WARN_UNUSED_FUNCTION = YES;
				GCC_WARN_UNUSED_VARIABLE = YES;
				IPHONEOS_DEPLOYMENT_TARGET = 15.0;
				MTL_ENABLE_DEBUG_INFO = INCLUDE_SOURCE;
				MTL_FAST_MATH = YES;
				ONLY_ACTIVE_ARCH = YES;
				SDKROOT = iphoneos;
				SWIFT_ACTIVE_COMPILATION_CONDITIONS = DEBUG;
				SWIFT_OPTIMIZATION_LEVEL = "-Onone";
			};
			name = Debug;
		};
		20CC2D182710BC8D00DFEC61 /* Release */ = {
			isa = XCBuildConfiguration;
			buildSettings = {
				ALWAYS_SEARCH_USER_PATHS = NO;
				CLANG_ANALYZER_NONNULL = YES;
				CLANG_ANALYZER_NUMBER_OBJECT_CONVERSION = YES_AGGRESSIVE;
				CLANG_CXX_LANGUAGE_STANDARD = "gnu++17";
				CLANG_CXX_LIBRARY = "libc++";
				CLANG_ENABLE_MODULES = YES;
				CLANG_ENABLE_OBJC_ARC = YES;
				CLANG_ENABLE_OBJC_WEAK = YES;
				CLANG_WARN_BLOCK_CAPTURE_AUTORELEASING = YES;
				CLANG_WARN_BOOL_CONVERSION = YES;
				CLANG_WARN_COMMA = YES;
				CLANG_WARN_CONSTANT_CONVERSION = YES;
				CLANG_WARN_DEPRECATED_OBJC_IMPLEMENTATIONS = YES;
				CLANG_WARN_DIRECT_OBJC_ISA_USAGE = YES_ERROR;
				CLANG_WARN_DOCUMENTATION_COMMENTS = YES;
				CLANG_WARN_EMPTY_BODY = YES;
				CLANG_WARN_ENUM_CONVERSION = YES;
				CLANG_WARN_INFINITE_RECURSION = YES;
				CLANG_WARN_INT_CONVERSION = YES;
				CLANG_WARN_NON_LITERAL_NULL_CONVERSION = YES;
				CLANG_WARN_OBJC_IMPLICIT_RETAIN_SELF = YES;
				CLANG_WARN_OBJC_LITERAL_CONVERSION = YES;
				CLANG_WARN_OBJC_ROOT_CLASS = YES_ERROR;
				CLANG_WARN_QUOTED_INCLUDE_IN_FRAMEWORK_HEADER = YES;
				CLANG_WARN_RANGE_LOOP_ANALYSIS = YES;
				CLANG_WARN_STRICT_PROTOTYPES = YES;
				CLANG_WARN_SUSPICIOUS_MOVE = YES;
				CLANG_WARN_UNGUARDED_AVAILABILITY = YES_AGGRESSIVE;
				CLANG_WARN_UNREACHABLE_CODE = YES;
				CLANG_WARN__DUPLICATE_METHOD_MATCH = YES;
				COPY_PHASE_STRIP = NO;
				DEBUG_INFORMATION_FORMAT = "dwarf-with-dsym";
				ENABLE_NS_ASSERTIONS = NO;
				ENABLE_STRICT_OBJC_MSGSEND = YES;
				GCC_C_LANGUAGE_STANDARD = gnu11;
				GCC_NO_COMMON_BLOCKS = YES;
				GCC_WARN_64_TO_32_BIT_CONVERSION = YES;
				GCC_WARN_ABOUT_RETURN_TYPE = YES_ERROR;
				GCC_WARN_UNDECLARED_SELECTOR = YES;
				GCC_WARN_UNINITIALIZED_AUTOS = YES_AGGRESSIVE;
				GCC_WARN_UNUSED_FUNCTION = YES;
				GCC_WARN_UNUSED_VARIABLE = YES;
				IPHONEOS_DEPLOYMENT_TARGET = 15.0;
				MTL_ENABLE_DEBUG_INFO = NO;
				MTL_FAST_MATH = YES;
				SDKROOT = iphoneos;
				SWIFT_COMPILATION_MODE = wholemodule;
				SWIFT_OPTIMIZATION_LEVEL = "-O";
				VALIDATE_PRODUCT = YES;
			};
			name = Release;
		};
		20CC2D1A2710BC8D00DFEC61 /* Debug */ = {
			isa = XCBuildConfiguration;
			buildSettings = {
				ASSETCATALOG_COMPILER_APPICON_NAME = AppIcon;
				ASSETCATALOG_COMPILER_GLOBAL_ACCENT_COLOR_NAME = AccentColor;
				CODE_SIGN_STYLE = Automatic;
				CURRENT_PROJECT_VERSION = 1;
				DEVELOPMENT_TEAM = 27BN3TK2LU;
				GENERATE_INFOPLIST_FILE = YES;
				INFOPLIST_FILE = "Nasa Photo of The Day/Info.plist";
				INFOPLIST_KEY_CFBundleDisplayName = "Nasa POTD";
				INFOPLIST_KEY_UIApplicationSupportsIndirectInputEvents = YES;
				INFOPLIST_KEY_UILaunchStoryboardName = LaunchScreen;
				INFOPLIST_KEY_UIMainStoryboardFile = Main;
				INFOPLIST_KEY_UISupportedInterfaceOrientations = UIInterfaceOrientationPortrait;
				INFOPLIST_KEY_UISupportedInterfaceOrientations_iPad = "UIInterfaceOrientationPortrait UIInterfaceOrientationPortraitUpsideDown UIInterfaceOrientationLandscapeLeft UIInterfaceOrientationLandscapeRight";
				INFOPLIST_KEY_UISupportedInterfaceOrientations_iPhone = "UIInterfaceOrientationPortrait UIInterfaceOrientationLandscapeLeft UIInterfaceOrientationLandscapeRight";
				LD_RUNPATH_SEARCH_PATHS = (
					"$(inherited)",
					"@executable_path/Frameworks",
				);
				MARKETING_VERSION = 1.0;
				PRODUCT_BUNDLE_IDENTIFIER = "EricDavis.Nasa-Photo-of-The-Day";
				PRODUCT_NAME = "$(TARGET_NAME)";
				SWIFT_EMIT_LOC_STRINGS = YES;
				SWIFT_VERSION = 5.0;
				TARGETED_DEVICE_FAMILY = 1;
			};
			name = Debug;
		};
		20CC2D1B2710BC8D00DFEC61 /* Release */ = {
			isa = XCBuildConfiguration;
			buildSettings = {
				ASSETCATALOG_COMPILER_APPICON_NAME = AppIcon;
				ASSETCATALOG_COMPILER_GLOBAL_ACCENT_COLOR_NAME = AccentColor;
				CODE_SIGN_STYLE = Automatic;
				CURRENT_PROJECT_VERSION = 1;
				DEVELOPMENT_TEAM = 27BN3TK2LU;
				GENERATE_INFOPLIST_FILE = YES;
				INFOPLIST_FILE = "Nasa Photo of The Day/Info.plist";
				INFOPLIST_KEY_CFBundleDisplayName = "Nasa POTD";
				INFOPLIST_KEY_UIApplicationSupportsIndirectInputEvents = YES;
				INFOPLIST_KEY_UILaunchStoryboardName = LaunchScreen;
				INFOPLIST_KEY_UIMainStoryboardFile = Main;
				INFOPLIST_KEY_UISupportedInterfaceOrientations = UIInterfaceOrientationPortrait;
				INFOPLIST_KEY_UISupportedInterfaceOrientations_iPad = "UIInterfaceOrientationPortrait UIInterfaceOrientationPortraitUpsideDown UIInterfaceOrientationLandscapeLeft UIInterfaceOrientationLandscapeRight";
				INFOPLIST_KEY_UISupportedInterfaceOrientations_iPhone = "UIInterfaceOrientationPortrait UIInterfaceOrientationLandscapeLeft UIInterfaceOrientationLandscapeRight";
				LD_RUNPATH_SEARCH_PATHS = (
					"$(inherited)",
					"@executable_path/Frameworks",
				);
				MARKETING_VERSION = 1.0;
				PRODUCT_BUNDLE_IDENTIFIER = "EricDavis.Nasa-Photo-of-The-Day";
				PRODUCT_NAME = "$(TARGET_NAME)";
				SWIFT_EMIT_LOC_STRINGS = YES;
				SWIFT_VERSION = 5.0;
				TARGETED_DEVICE_FAMILY = 1;
			};
			name = Release;
		};
/* End XCBuildConfiguration section */

/* Begin XCConfigurationList section */
		20CC2D002710BC8800DFEC61 /* Build configuration list for PBXProject "Nasa Photo of The Day" */ = {
			isa = XCConfigurationList;
			buildConfigurations = (
				20CC2D172710BC8D00DFEC61 /* Debug */,
				20CC2D182710BC8D00DFEC61 /* Release */,
			);
			defaultConfigurationIsVisible = 0;
			defaultConfigurationName = Release;
		};
		20CC2D192710BC8D00DFEC61 /* Build configuration list for PBXNativeTarget "Nasa Photo of The Day" */ = {
			isa = XCConfigurationList;
			buildConfigurations = (
				20CC2D1A2710BC8D00DFEC61 /* Debug */,
				20CC2D1B2710BC8D00DFEC61 /* Release */,
			);
			defaultConfigurationIsVisible = 0;
			defaultConfigurationName = Release;
		};
/* End XCConfigurationList section */
	};
	rootObject = 20CC2CFD2710BC8800DFEC61 /* Project object */;
}
